
Microsoft Visual Studio Solution File, Format Version 12.00
# Visual Studio 15
VisualStudioVersion = 15.0.28010.2026
MinimumVisualStudioVersion = 10.0.40219.1
Project("{FAE04EC0-301F-11D3-BF4B-00C04F79EFBC}") = "SchnorDigitalSign", "SchnorDigitalSign\SchnorDigitalSign.csproj", "{55195C71-BAF8-491F-AD7C-2FEE25FE46A6}"
EndProject
Project("{FAE04EC0-301F-11D3-BF4B-00C04F79EFBC}") = "SchnorrApplication", "SchnorrApplication\SchnorrApplication.csproj", "{3EDCB43A-BC19-46E6-9B0F-C03B80754FC6}"
EndProject
Global
	GlobalSection(SolutionConfigurationPlatforms) = preSolution
		Debug|Any CPU = Debug|Any CPU
		Release|Any CPU = Release|Any CPU
	EndGlobalSection
	GlobalSection(ProjectConfigurationPlatforms) = postSolution
		{55195C71-BAF8-491F-AD7C-2FEE25FE46A6}.Debug|Any CPU.ActiveCfg = Debug|Any CPU
		{55195C71-BAF8-491F-AD7C-2FEE25FE46A6}.Debug|Any CPU.Build.0 = Debug|Any CPU
		{55195C71-BAF8-491F-AD7C-2FEE25FE46A6}.Release|Any CPU.ActiveCfg = Release|Any CPU
		{55195C71-BAF8-491F-AD7C-2FEE25FE46A6}.Release|Any CPU.Build.0 = Release|Any CPU
		{3EDCB43A-BC19-46E6-9B0F-C03B80754FC6}.Debug|Any CPU.ActiveCfg = Debug|Any CPU
		{3EDCB43A-BC19-46E6-9B0F-C03B80754FC6}.Debug|Any CPU.Build.0 = Debug|Any CPU
		{3EDCB43A-BC19-46E6-9B0F-C03B80754FC6}.Release|Any CPU.ActiveCfg = Release|Any CPU
		{3EDCB43A-BC19-46E6-9B0F-C03B80754FC6}.Release|Any CPU.Build.0 = Release|Any CPU
	EndGlobalSection
	GlobalSection(SolutionProperties) = preSolution
		HideSolutionNode = FALSE
	EndGlobalSection
	GlobalSection(ExtensibilityGlobals) = postSolution
		SolutionGuid = {2782E1B8-A10E-4677-A4B7-5F53EC5FD5EC}
	EndGlobalSection
EndGlobal
