
Microsoft Visual Studio Solution File, Format Version 12.00
# Visual Studio 15
VisualStudioVersion = 15.0.28010.2026
MinimumVisualStudioVersion = 10.0.40219.1
Project("{FAE04EC0-301F-11D3-BF4B-00C04F79EFBC}") = "RSA", "RSA\RSA.csproj", "{EB55A6B1-BA0D-482D-87F8-209CF6A15632}"
EndProject
Project("{FAE04EC0-301F-11D3-BF4B-00C04F79EFBC}") = "RSAApplication", "RSAApplication\RSAApplication.csproj", "{420AF82D-A1FF-400C-808C-193DBA19C320}"
EndProject
Global
	GlobalSection(SolutionConfigurationPlatforms) = preSolution
		Debug|Any CPU = Debug|Any CPU
		Release|Any CPU = Release|Any CPU
	EndGlobalSection
	GlobalSection(ProjectConfigurationPlatforms) = postSolution
		{EB55A6B1-BA0D-482D-87F8-209CF6A15632}.Debug|Any CPU.ActiveCfg = Debug|Any CPU
		{EB55A6B1-BA0D-482D-87F8-209CF6A15632}.Debug|Any CPU.Build.0 = Debug|Any CPU
		{EB55A6B1-BA0D-482D-87F8-209CF6A15632}.Release|Any CPU.ActiveCfg = Release|Any CPU
		{EB55A6B1-BA0D-482D-87F8-209CF6A15632}.Release|Any CPU.Build.0 = Release|Any CPU
		{420AF82D-A1FF-400C-808C-193DBA19C320}.Debug|Any CPU.ActiveCfg = Debug|Any CPU
		{420AF82D-A1FF-400C-808C-193DBA19C320}.Debug|Any CPU.Build.0 = Debug|Any CPU
		{420AF82D-A1FF-400C-808C-193DBA19C320}.Release|Any CPU.ActiveCfg = Release|Any CPU
		{420AF82D-A1FF-400C-808C-193DBA19C320}.Release|Any CPU.Build.0 = Release|Any CPU
	EndGlobalSection
	GlobalSection(SolutionProperties) = preSolution
		HideSolutionNode = FALSE
	EndGlobalSection
	GlobalSection(ExtensibilityGlobals) = postSolution
		SolutionGuid = {2782E1B8-A10E-4677-A4B7-5F53EC5FD5EC}
	EndGlobalSection
EndGlobal
